
Microsoft Visual Studio Solution File, Format Version 12.00
# Visual Studio Version 16
VisualStudioVersion = 16.0.30011.22
MinimumVisualStudioVersion = 10.0.40219.1
Project("{FAE04EC0-301F-11D3-BF4B-00C04F79EFBC}") = "csloop", "csloop\csloop.csproj", "{EF757444-FA0A-461C-BD2A-349FC4783F47}"
EndProject
Global
	GlobalSection(SolutionConfigurationPlatforms) = preSolution
		Debug|Any CPU = Debug|Any CPU
		Release|Any CPU = Release|Any CPU
	EndGlobalSection
	GlobalSection(ProjectConfigurationPlatforms) = postSolution
		{EF757444-FA0A-461C-BD2A-349FC4783F47}.Debug|Any CPU.ActiveCfg = Debug|Any CPU
		{EF757444-FA0A-461C-BD2A-349FC4783F47}.Debug|Any CPU.Build.0 = Debug|Any CPU
		{EF757444-FA0A-461C-BD2A-349FC4783F47}.Release|Any CPU.ActiveCfg = Release|Any CPU
		{EF757444-FA0A-461C-BD2A-349FC4783F47}.Release|Any CPU.Build.0 = Release|Any CPU
	EndGlobalSection
	GlobalSection(SolutionProperties) = preSolution
		HideSolutionNode = FALSE
	EndGlobalSection
	GlobalSection(ExtensibilityGlobals) = postSolution
		SolutionGuid = {60F37CC6-9421-4236-821C-621F8C0F5609}
	EndGlobalSection
EndGlobal
